
Microsoft Visual Studio Solution File, Format Version 11.00
# Visual Studio 2010
Project("{FAE04EC0-301F-11D3-BF4B-00C04F79EFBC}") = "SoftropeModel", "Softrope\SoftropeModel.csproj", "{9FECB07D-80D9-4199-AAA6-727A06247CC4}"
EndProject
Project("{FAE04EC0-301F-11D3-BF4B-00C04F79EFBC}") = "SoftropeGui", "SoftropeGui\SoftropeGui.csproj", "{182D60A3-9D9A-4A24-907D-D38627781012}"
EndProject
Global
	GlobalSection(SolutionConfigurationPlatforms) = preSolution
		Debug|Any CPU = Debug|Any CPU
		Debug|x64 = Debug|x64
		Debug|x86 = Debug|x86
		Release|Any CPU = Release|Any CPU
		Release|x64 = Release|x64
		Release|x86 = Release|x86
	EndGlobalSection
	GlobalSection(ProjectConfigurationPlatforms) = postSolution
		{9FECB07D-80D9-4199-AAA6-727A06247CC4}.Debug|Any CPU.ActiveCfg = Debug|Any CPU
		{9FECB07D-80D9-4199-AAA6-727A06247CC4}.Debug|Any CPU.Build.0 = Debug|Any CPU
		{9FECB07D-80D9-4199-AAA6-727A06247CC4}.Debug|x64.ActiveCfg = Debug|Any CPU
		{9FECB07D-80D9-4199-AAA6-727A06247CC4}.Debug|x64.Build.0 = Debug|Any CPU
		{9FECB07D-80D9-4199-AAA6-727A06247CC4}.Debug|x86.ActiveCfg = Debug|x86
		{9FECB07D-80D9-4199-AAA6-727A06247CC4}.Debug|x86.Build.0 = Debug|x86
		{9FECB07D-80D9-4199-AAA6-727A06247CC4}.Release|Any CPU.ActiveCfg = Release|Any CPU
		{9FECB07D-80D9-4199-AAA6-727A06247CC4}.Release|Any CPU.Build.0 = Release|Any CPU
		{9FECB07D-80D9-4199-AAA6-727A06247CC4}.Release|x64.ActiveCfg = Release|Any CPU
		{9FECB07D-80D9-4199-AAA6-727A06247CC4}.Release|x86.ActiveCfg = Release|x86
		{9FECB07D-80D9-4199-AAA6-727A06247CC4}.Release|x86.Build.0 = Release|x86
		{182D60A3-9D9A-4A24-907D-D38627781012}.Debug|Any CPU.ActiveCfg = Debug|Any CPU
		{182D60A3-9D9A-4A24-907D-D38627781012}.Debug|Any CPU.Build.0 = Debug|Any CPU
		{182D60A3-9D9A-4A24-907D-D38627781012}.Debug|x64.ActiveCfg = Debug|Any CPU
		{182D60A3-9D9A-4A24-907D-D38627781012}.Debug|x86.ActiveCfg = Debug|x86
		{182D60A3-9D9A-4A24-907D-D38627781012}.Debug|x86.Build.0 = Debug|x86
		{182D60A3-9D9A-4A24-907D-D38627781012}.Release|Any CPU.ActiveCfg = Release|Any CPU
		{182D60A3-9D9A-4A24-907D-D38627781012}.Release|Any CPU.Build.0 = Release|Any CPU
		{182D60A3-9D9A-4A24-907D-D38627781012}.Release|x64.ActiveCfg = Release|Any CPU
		{182D60A3-9D9A-4A24-907D-D38627781012}.Release|x86.ActiveCfg = Release|x86
		{182D60A3-9D9A-4A24-907D-D38627781012}.Release|x86.Build.0 = Release|x86
	EndGlobalSection
	GlobalSection(SolutionProperties) = preSolution
		HideSolutionNode = FALSE
	EndGlobalSection
EndGlobal
